
Microsoft Visual Studio Solution File, Format Version 12.00
# Visual Studio Version 17
VisualStudioVersion = 17.6.33927.249
MinimumVisualStudioVersion = 10.0.40219.1
Project("{FAE04EC0-301F-11D3-BF4B-00C04F79EFBC}") = "CocoaLib", "CocoaLib.csproj", "{15FBA25F-E82F-4200-A8D6-38E8CF1B325A}"
EndProject
Global
	GlobalSection(SolutionConfigurationPlatforms) = preSolution
		Debug|Any CPU = Debug|Any CPU
		Release|Any CPU = Release|Any CPU
	EndGlobalSection
	GlobalSection(ProjectConfigurationPlatforms) = postSolution
		{15FBA25F-E82F-4200-A8D6-38E8CF1B325A}.Debug|Any CPU.ActiveCfg = Debug|Any CPU
		{15FBA25F-E82F-4200-A8D6-38E8CF1B325A}.Debug|Any CPU.Build.0 = Debug|Any CPU
		{15FBA25F-E82F-4200-A8D6-38E8CF1B325A}.Release|Any CPU.ActiveCfg = Release|Any CPU
		{15FBA25F-E82F-4200-A8D6-38E8CF1B325A}.Release|Any CPU.Build.0 = Release|Any CPU
	EndGlobalSection
	GlobalSection(SolutionProperties) = preSolution
		HideSolutionNode = FALSE
	EndGlobalSection
	GlobalSection(ExtensibilityGlobals) = postSolution
		SolutionGuid = {2548271D-A802-4AA3-9005-FFC7BF3784B9}
	EndGlobalSection
EndGlobal
